
Microsoft Visual Studio Solution File, Format Version 12.00
# Visual Studio Version 17
VisualStudioVersion = 17.7.34009.444
MinimumVisualStudioVersion = 10.0.40219.1
Project("{FAE04EC0-301F-11D3-BF4B-00C04F79EFBC}") = "Algoriyhym", "Algoriyhym\Algoriyhym.csproj", "{FBB98509-6E5B-4E54-859A-9EB497FA25FB}"
EndProject
Global
	GlobalSection(SolutionConfigurationPlatforms) = preSolution
		Debug|Any CPU = Debug|Any CPU
		Release|Any CPU = Release|Any CPU
	EndGlobalSection
	GlobalSection(ProjectConfigurationPlatforms) = postSolution
		{FBB98509-6E5B-4E54-859A-9EB497FA25FB}.Debug|Any CPU.ActiveCfg = Debug|Any CPU
		{FBB98509-6E5B-4E54-859A-9EB497FA25FB}.Debug|Any CPU.Build.0 = Debug|Any CPU
		{FBB98509-6E5B-4E54-859A-9EB497FA25FB}.Release|Any CPU.ActiveCfg = Release|Any CPU
		{FBB98509-6E5B-4E54-859A-9EB497FA25FB}.Release|Any CPU.Build.0 = Release|Any CPU
	EndGlobalSection
	GlobalSection(SolutionProperties) = preSolution
		HideSolutionNode = FALSE
	EndGlobalSection
	GlobalSection(ExtensibilityGlobals) = postSolution
		SolutionGuid = {A01003ED-55A9-44F2-8A77-085E33B6C69B}
	EndGlobalSection
EndGlobal
